// !$*UTF8*$!
{
	archiveVersion = 1;
	classes = {
	};
	objectVersion = 50;
	objects = {

/* Begin PBXBuildFile section */
		360F2E7E26CEAF4200F31D88 /* UIHelper.swift in Sources */ = {isa = PBXBuildFile; fileRef = 360F2E7D26CEAF4200F31D88 /* UIHelper.swift */; };
		360F2E8126CECE6900F31D88 /* DataLoadingVC.swift in Sources */ = {isa = PBXBuildFile; fileRef = 360F2E8026CECE6900F31D88 /* DataLoadingVC.swift */; };
		360F2E8526CEDFC900F31D88 /* GFEmptyStateView.swift in Sources */ = {isa = PBXBuildFile; fileRef = 360F2E8426CEDFC900F31D88 /* GFEmptyStateView.swift */; };
		361559A026D694180046C6D4 /* GFAlertContainerView.swift in Sources */ = {isa = PBXBuildFile; fileRef = 3615599F26D694180046C6D4 /* GFAlertContainerView.swift */; };
		36155ADD26D6C6250046C6D4 /* GFDataLoadingVC.swift in Sources */ = {isa = PBXBuildFile; fileRef = 36155ADC26D6C6250046C6D4 /* GFDataLoadingVC.swift */; };
		3627F20F26CAE57900A3A3F9 /* AppDelegate.swift in Sources */ = {isa = PBXBuildFile; fileRef = 3627F20E26CAE57900A3A3F9 /* AppDelegate.swift */; };
		3627F21126CAE57900A3A3F9 /* SceneDelegate.swift in Sources */ = {isa = PBXBuildFile; fileRef = 3627F21026CAE57900A3A3F9 /* SceneDelegate.swift */; };
		3627F21826CAE57A00A3A3F9 /* Assets.xcassets in Resources */ = {isa = PBXBuildFile; fileRef = 3627F21726CAE57A00A3A3F9 /* Assets.xcassets */; };
		3627F21B26CAE57A00A3A3F9 /* LaunchScreen.storyboard in Resources */ = {isa = PBXBuildFile; fileRef = 3627F21926CAE57A00A3A3F9 /* LaunchScreen.storyboard */; };
		3639293126D527CC00460F6F /* PersistenceManager.swift in Sources */ = {isa = PBXBuildFile; fileRef = 3639293026D527CC00460F6F /* PersistenceManager.swift */; };
		363929CE26D5386900460F6F /* FavoriteCell.swift in Sources */ = {isa = PBXBuildFile; fileRef = 363929CD26D5386900460F6F /* FavoriteCell.swift */; };
		363929D326D57A2D00460F6F /* GFTabBarController.swift in Sources */ = {isa = PBXBuildFile; fileRef = 363929D226D57A2D00460F6F /* GFTabBarController.swift */; };
		3644DD2226CAF9F700F0B946 /* SearchVC.swift in Sources */ = {isa = PBXBuildFile; fileRef = 3644DD2126CAF9F700F0B946 /* SearchVC.swift */; };
		3644DD2526CAFA2200F0B946 /* FavoritesListVC.swift in Sources */ = {isa = PBXBuildFile; fileRef = 3644DD2426CAFA2200F0B946 /* FavoritesListVC.swift */; };
		3644DD2E26CBE26F00F0B946 /* GFButton.swift in Sources */ = {isa = PBXBuildFile; fileRef = 3644DD2D26CBE26F00F0B946 /* GFButton.swift */; };
		3650EB7526CD30CD00BF48CA /* GFTitleLabel.swift in Sources */ = {isa = PBXBuildFile; fileRef = 3650EB7426CD30CD00BF48CA /* GFTitleLabel.swift */; };
		3650EB7926CD389400BF48CA /* GFBodyLabel.swift in Sources */ = {isa = PBXBuildFile; fileRef = 3650EB7826CD389400BF48CA /* GFBodyLabel.swift */; };
		3650EB7C26CD3A8900BF48CA /* GFAlertVC.swift in Sources */ = {isa = PBXBuildFile; fileRef = 3650EB7B26CD3A8900BF48CA /* GFAlertVC.swift */; };
		3650EB7F26CD477B00BF48CA /* UIViewController+Ext.swift in Sources */ = {isa = PBXBuildFile; fileRef = 3650EB7E26CD477B00BF48CA /* UIViewController+Ext.swift */; };
		3650EB8926CD4C9000BF48CA /* UIView+Ext.swift in Sources */ = {isa = PBXBuildFile; fileRef = 3650EB8826CD4C9000BF48CA /* UIView+Ext.swift */; };
		3650EB8C26CD4CA900BF48CA /* NSLayoutConstraint+Ext.swift in Sources */ = {isa = PBXBuildFile; fileRef = 3650EB8B26CD4CA900BF48CA /* NSLayoutConstraint+Ext.swift */; };
		3650EB9626CD5F5E00BF48CA /* Follower.swift in Sources */ = {isa = PBXBuildFile; fileRef = 3650EB9526CD5F5E00BF48CA /* Follower.swift */; };
		3650EB9A26CD602E00BF48CA /* User.swift in Sources */ = {isa = PBXBuildFile; fileRef = 3650EB9926CD602E00BF48CA /* User.swift */; };
		3650EBA026CD786700BF48CA /* NetworkManager.swift in Sources */ = {isa = PBXBuildFile; fileRef = 3650EB9F26CD786700BF48CA /* NetworkManager.swift */; };
		3650EC3E26CD8A0700BF48CA /* GFError.swift in Sources */ = {isa = PBXBuildFile; fileRef = 3650EC3D26CD8A0700BF48CA /* GFError.swift */; };
		3650EC4926CD927600BF48CA /* FollowerCell.swift in Sources */ = {isa = PBXBuildFile; fileRef = 3650EC4826CD927600BF48CA /* FollowerCell.swift */; };
		3650EC4E26CD92BB00BF48CA /* ReuseIdentifiers.swift in Sources */ = {isa = PBXBuildFile; fileRef = 3650EC4D26CD92BB00BF48CA /* ReuseIdentifiers.swift */; };
		3650EC5226CD934C00BF48CA /* GFAvatarImageView.swift in Sources */ = {isa = PBXBuildFile; fileRef = 3650EC5126CD934C00BF48CA /* GFAvatarImageView.swift */; };
		3650FF4526CBE97E001CC7A9 /* GFTextField.swift in Sources */ = {isa = PBXBuildFile; fileRef = 3650FF4426CBE97E001CC7A9 /* GFTextField.swift */; };
		366331D726D00E6F0035B729 /* Constants.swift in Sources */ = {isa = PBXBuildFile; fileRef = 366331D626D00E6F0035B729 /* Constants.swift */; };
		367A77F126CFE6D900026670 /* UserInfoVC.swift in Sources */ = {isa = PBXBuildFile; fileRef = 367A77F026CFE6D900026670 /* UserInfoVC.swift */; };
		367A77F926D0037100026670 /* GFUserInfoHeaderVC.swift in Sources */ = {isa = PBXBuildFile; fileRef = 367A77F826D0037100026670 /* GFUserInfoHeaderVC.swift */; };
		367A77FC26D0040300026670 /* GFSecondaryTitleLabel.swift in Sources */ = {isa = PBXBuildFile; fileRef = 367A77FB26D0040300026670 /* GFSecondaryTitleLabel.swift */; };
		36D9A8DC26D3E11300A0D64E /* GFItemInfoView.swift in Sources */ = {isa = PBXBuildFile; fileRef = 36D9A8DB26D3E11300A0D64E /* GFItemInfoView.swift */; };
		36D9A8E026D3EC9A00A0D64E /* GFItemInfoVC.swift in Sources */ = {isa = PBXBuildFile; fileRef = 36D9A8DF26D3EC9A00A0D64E /* GFItemInfoVC.swift */; };
		36D9A8E326D3EED600A0D64E /* HStack.swift in Sources */ = {isa = PBXBuildFile; fileRef = 36D9A8E226D3EED600A0D64E /* HStack.swift */; };
		36D9A8EC26D3F1AC00A0D64E /* GFRepoItemVC.swift in Sources */ = {isa = PBXBuildFile; fileRef = 36D9A8EB26D3F1AC00A0D64E /* GFRepoItemVC.swift */; };
		36D9A8F026D3F37400A0D64E /* GFFollowerItemVC.swift in Sources */ = {isa = PBXBuildFile; fileRef = 36D9A8EF26D3F37400A0D64E /* GFFollowerItemVC.swift */; };
		36D9A8F826D4171500A0D64E /* Date+Ext.swift in Sources */ = {isa = PBXBuildFile; fileRef = 36D9A8F726D4171500A0D64E /* Date+Ext.swift */; };
		36E6219A26CC00C300C2DA60 /* FollowerListVC.swift in Sources */ = {isa = PBXBuildFile; fileRef = 36E6219926CC00C300C2DA60 /* FollowerListVC.swift */; };
/* End PBXBuildFile section */

/* Begin PBXFileReference section */
		360F2E7D26CEAF4200F31D88 /* UIHelper.swift */ = {isa = PBXFileReference; lastKnownFileType = sourcecode.swift; path = UIHelper.swift; sourceTree = "<group>"; };
		360F2E8026CECE6900F31D88 /* DataLoadingVC.swift */ = {isa = PBXFileReference; lastKnownFileType = sourcecode.swift; path = DataLoadingVC.swift; sourceTree = "<group>"; };
		360F2E8426CEDFC900F31D88 /* GFEmptyStateView.swift */ = {isa = PBXFileReference; lastKnownFileType = sourcecode.swift; path = GFEmptyStateView.swift; sourceTree = "<group>"; };
		3615599F26D694180046C6D4 /* GFAlertContainerView.swift */ = {isa = PBXFileReference; lastKnownFileType = sourcecode.swift; path = GFAlertContainerView.swift; sourceTree = "<group>"; };
		36155ADC26D6C6250046C6D4 /* GFDataLoadingVC.swift */ = {isa = PBXFileReference; lastKnownFileType = sourcecode.swift; path = GFDataLoadingVC.swift; sourceTree = "<group>"; };
		3627F20B26CAE57900A3A3F9 /* GHFollowers.app */ = {isa = PBXFileReference; explicitFileType = wrapper.application; includeInIndex = 0; path = GHFollowers.app; sourceTree = BUILT_PRODUCTS_DIR; };
		3627F20E26CAE57900A3A3F9 /* AppDelegate.swift */ = {isa = PBXFileReference; lastKnownFileType = sourcecode.swift; path = AppDelegate.swift; sourceTree = "<group>"; };
		3627F21026CAE57900A3A3F9 /* SceneDelegate.swift */ = {isa = PBXFileReference; lastKnownFileType = sourcecode.swift; path = SceneDelegate.swift; sourceTree = "<group>"; };
		3627F21726CAE57A00A3A3F9 /* Assets.xcassets */ = {isa = PBXFileReference; lastKnownFileType = folder.assetcatalog; path = Assets.xcassets; sourceTree = "<group>"; };
		3627F21A26CAE57A00A3A3F9 /* Base */ = {isa = PBXFileReference; lastKnownFileType = file.storyboard; name = Base; path = Base.lproj/LaunchScreen.storyboard; sourceTree = "<group>"; };
		3627F21C26CAE57A00A3A3F9 /* Info.plist */ = {isa = PBXFileReference; lastKnownFileType = text.plist.xml; path = Info.plist; sourceTree = "<group>"; };
		3639293026D527CC00460F6F /* PersistenceManager.swift */ = {isa = PBXFileReference; lastKnownFileType = sourcecode.swift; path = PersistenceManager.swift; sourceTree = "<group>"; };
		363929CD26D5386900460F6F /* FavoriteCell.swift */ = {isa = PBXFileReference; lastKnownFileType = sourcecode.swift; path = FavoriteCell.swift; sourceTree = "<group>"; };
		363929D226D57A2D00460F6F /* GFTabBarController.swift */ = {isa = PBXFileReference; lastKnownFileType = sourcecode.swift; path = GFTabBarController.swift; sourceTree = "<group>"; };
		3644DD2126CAF9F700F0B946 /* SearchVC.swift */ = {isa = PBXFileReference; lastKnownFileType = sourcecode.swift; path = SearchVC.swift; sourceTree = "<group>"; };
		3644DD2426CAFA2200F0B946 /* FavoritesListVC.swift */ = {isa = PBXFileReference; lastKnownFileType = sourcecode.swift; path = FavoritesListVC.swift; sourceTree = "<group>"; };
		3644DD2D26CBE26F00F0B946 /* GFButton.swift */ = {isa = PBXFileReference; lastKnownFileType = sourcecode.swift; path = GFButton.swift; sourceTree = "<group>"; };
		3650EB7426CD30CD00BF48CA /* GFTitleLabel.swift */ = {isa = PBXFileReference; lastKnownFileType = sourcecode.swift; path = GFTitleLabel.swift; sourceTree = "<group>"; };
		3650EB7826CD389400BF48CA /* GFBodyLabel.swift */ = {isa = PBXFileReference; lastKnownFileType = sourcecode.swift; path = GFBodyLabel.swift; sourceTree = "<group>"; };
		3650EB7B26CD3A8900BF48CA /* GFAlertVC.swift */ = {isa = PBXFileReference; lastKnownFileType = sourcecode.swift; path = GFAlertVC.swift; sourceTree = "<group>"; };
		3650EB7E26CD477B00BF48CA /* UIViewController+Ext.swift */ = {isa = PBXFileReference; lastKnownFileType = sourcecode.swift; path = "UIViewController+Ext.swift"; sourceTree = "<group>"; };
		3650EB8826CD4C9000BF48CA /* UIView+Ext.swift */ = {isa = PBXFileReference; lastKnownFileType = sourcecode.swift; path = "UIView+Ext.swift"; sourceTree = "<group>"; };
		3650EB8B26CD4CA900BF48CA /* NSLayoutConstraint+Ext.swift */ = {isa = PBXFileReference; lastKnownFileType = sourcecode.swift; path = "NSLayoutConstraint+Ext.swift"; sourceTree = "<group>"; };
		3650EB9526CD5F5E00BF48CA /* Follower.swift */ = {isa = PBXFileReference; lastKnownFileType = sourcecode.swift; path = Follower.swift; sourceTree = "<group>"; };
		3650EB9926CD602E00BF48CA /* User.swift */ = {isa = PBXFileReference; lastKnownFileType = sourcecode.swift; path = User.swift; sourceTree = "<group>"; };
		3650EB9F26CD786700BF48CA /* NetworkManager.swift */ = {isa = PBXFileReference; lastKnownFileType = sourcecode.swift; path = NetworkManager.swift; sourceTree = "<group>"; };
		3650EC3D26CD8A0700BF48CA /* GFError.swift */ = {isa = PBXFileReference; lastKnownFileType = sourcecode.swift; path = GFError.swift; sourceTree = "<group>"; };
		3650EC4826CD927600BF48CA /* FollowerCell.swift */ = {isa = PBXFileReference; lastKnownFileType = sourcecode.swift; path = FollowerCell.swift; sourceTree = "<group>"; };
		3650EC4D26CD92BB00BF48CA /* ReuseIdentifiers.swift */ = {isa = PBXFileReference; lastKnownFileType = sourcecode.swift; path = ReuseIdentifiers.swift; sourceTree = "<group>"; };
		3650EC5126CD934C00BF48CA /* GFAvatarImageView.swift */ = {isa = PBXFileReference; lastKnownFileType = sourcecode.swift; path = GFAvatarImageView.swift; sourceTree = "<group>"; };
		3650FF4426CBE97E001CC7A9 /* GFTextField.swift */ = {isa = PBXFileReference; lastKnownFileType = sourcecode.swift; path = GFTextField.swift; sourceTree = "<group>"; };
		366331D626D00E6F0035B729 /* Constants.swift */ = {isa = PBXFileReference; lastKnownFileType = sourcecode.swift; path = Constants.swift; sourceTree = "<group>"; };
		367A77F026CFE6D900026670 /* UserInfoVC.swift */ = {isa = PBXFileReference; lastKnownFileType = sourcecode.swift; path = UserInfoVC.swift; sourceTree = "<group>"; };
		367A77F826D0037100026670 /* GFUserInfoHeaderVC.swift */ = {isa = PBXFileReference; lastKnownFileType = sourcecode.swift; path = GFUserInfoHeaderVC.swift; sourceTree = "<group>"; };
		367A77FB26D0040300026670 /* GFSecondaryTitleLabel.swift */ = {isa = PBXFileReference; lastKnownFileType = sourcecode.swift; path = GFSecondaryTitleLabel.swift; sourceTree = "<group>"; };
		36D9A8DB26D3E11300A0D64E /* GFItemInfoView.swift */ = {isa = PBXFileReference; lastKnownFileType = sourcecode.swift; path = GFItemInfoView.swift; sourceTree = "<group>"; };
		36D9A8DF26D3EC9A00A0D64E /* GFItemInfoVC.swift */ = {isa = PBXFileReference; lastKnownFileType = sourcecode.swift; path = GFItemInfoVC.swift; sourceTree = "<group>"; };
		36D9A8E226D3EED600A0D64E /* HStack.swift */ = {isa = PBXFileReference; lastKnownFileType = sourcecode.swift; path = HStack.swift; sourceTree = "<group>"; };
		36D9A8EB26D3F1AC00A0D64E /* GFRepoItemVC.swift */ = {isa = PBXFileReference; lastKnownFileType = sourcecode.swift; path = GFRepoItemVC.swift; sourceTree = "<group>"; };
		36D9A8EF26D3F37400A0D64E /* GFFollowerItemVC.swift */ = {isa = PBXFileReference; lastKnownFileType = sourcecode.swift; path = GFFollowerItemVC.swift; sourceTree = "<group>"; };
		36D9A8F726D4171500A0D64E /* Date+Ext.swift */ = {isa = PBXFileReference; lastKnownFileType = sourcecode.swift; path = "Date+Ext.swift"; sourceTree = "<group>"; };
		36E6219926CC00C300C2DA60 /* FollowerListVC.swift */ = {isa = PBXFileReference; lastKnownFileType = sourcecode.swift; path = FollowerListVC.swift; sourceTree = "<group>"; };
/* End PBXFileReference section */

/* Begin PBXFrameworksBuildPhase section */
		3627F20826CAE57900A3A3F9 /* Frameworks */ = {
			isa = PBXFrameworksBuildPhase;
			buildActionMask = 2147483647;
			files = (
			);
			runOnlyForDeploymentPostprocessing = 0;
		};
/* End PBXFrameworksBuildPhase section */

/* Begin PBXGroup section */
		361559A226D699110046C6D4 /* UIViews */ = {
			isa = PBXGroup;
			children = (
				360F2E8426CEDFC900F31D88 /* GFEmptyStateView.swift */,
				36D9A8DB26D3E11300A0D64E /* GFItemInfoView.swift */,
			);
			path = UIViews;
			sourceTree = "<group>";
		};
		3627F20226CAE57900A3A3F9 = {
			isa = PBXGroup;
			children = (
				3627F20D26CAE57900A3A3F9 /* GHFollowers */,
				3627F20C26CAE57900A3A3F9 /* Products */,
			);
			sourceTree = "<group>";
		};
		3627F20C26CAE57900A3A3F9 /* Products */ = {
			isa = PBXGroup;
			children = (
				3627F20B26CAE57900A3A3F9 /* GHFollowers.app */,
			);
			name = Products;
			sourceTree = "<group>";
		};
		3627F20D26CAE57900A3A3F9 /* GHFollowers */ = {
			isa = PBXGroup;
			children = (
				3627F21726CAE57A00A3A3F9 /* Assets.xcassets */,
				3650EB8126CD477F00BF48CA /* Extensions */,
				3627F21C26CAE57A00A3A3F9 /* Info.plist */,
				3650EB9D26CD64E700BF48CA /* Managers */,
				3650EB9426CD5F5000BF48CA /* Model */,
				3650EC4C26CD92AD00BF48CA /* Protocols */,
				3644DD2726CAFA3E00F0B946 /* Screens */,
				3650EB8526CD4BD800BF48CA /* Support */,
				3650EC3C26CD89FC00BF48CA /* Utilities */,
				3644DD3026CBE27300F0B946 /* Views */,
			);
			path = GHFollowers;
			sourceTree = "<group>";
		};
		363929D126D57A1300460F6F /* TabBarControllers */ = {
			isa = PBXGroup;
			children = (
				363929D226D57A2D00460F6F /* GFTabBarController.swift */,
			);
			path = TabBarControllers;
			sourceTree = "<group>";
		};
		3644DD2726CAFA3E00F0B946 /* Screens */ = {
			isa = PBXGroup;
			children = (
				3644DD2426CAFA2200F0B946 /* FavoritesListVC.swift */,
				36E6219926CC00C300C2DA60 /* FollowerListVC.swift */,
				3644DD2126CAF9F700F0B946 /* SearchVC.swift */,
				3650EB7B26CD3A8900BF48CA /* GFAlertVC.swift */,
				360F2E8026CECE6900F31D88 /* DataLoadingVC.swift */,
				367A77F026CFE6D900026670 /* UserInfoVC.swift */,
				367A77F826D0037100026670 /* GFUserInfoHeaderVC.swift */,
				36D9A8F226D3F3D000A0D64E /* ItemInfoVCs */,
			);
			path = Screens;
			sourceTree = "<group>";
		};
		3644DD3026CBE27300F0B946 /* Views */ = {
			isa = PBXGroup;
			children = (
				363929D126D57A1300460F6F /* TabBarControllers */,
				3650EC4526CD923C00BF48CA /* Buttons */,
				3650EC4726CD924900BF48CA /* Cells */,
				3650EC5026CD933200BF48CA /* ImageView */,
				3650EC4426CD923300BF48CA /* Labels */,
				3650EC4626CD924000BF48CA /* TextFields */,
				361559A226D699110046C6D4 /* UIViews */,
				36D9A8E526D3EEE500A0D64E /* StackViews */,
				3615599F26D694180046C6D4 /* GFAlertContainerView.swift */,
				36155ADC26D6C6250046C6D4 /* GFDataLoadingVC.swift */,
			);
			path = Views;
			sourceTree = "<group>";
		};
		3650EB8126CD477F00BF48CA /* Extensions */ = {
			isa = PBXGroup;
			children = (
				3650EB7E26CD477B00BF48CA /* UIViewController+Ext.swift */,
				3650EB8826CD4C9000BF48CA /* UIView+Ext.swift */,
				3650EB8B26CD4CA900BF48CA /* NSLayoutConstraint+Ext.swift */,
				36D9A8F726D4171500A0D64E /* Date+Ext.swift */,
			);
			path = Extensions;
			sourceTree = "<group>";
		};
		3650EB8526CD4BD800BF48CA /* Support */ = {
			isa = PBXGroup;
			children = (
				3627F20E26CAE57900A3A3F9 /* AppDelegate.swift */,
				3627F21926CAE57A00A3A3F9 /* LaunchScreen.storyboard */,
				3627F21026CAE57900A3A3F9 /* SceneDelegate.swift */,
			);
			path = Support;
			sourceTree = "<group>";
		};
		3650EB9426CD5F5000BF48CA /* Model */ = {
			isa = PBXGroup;
			children = (
				3650EB9526CD5F5E00BF48CA /* Follower.swift */,
				3650EB9926CD602E00BF48CA /* User.swift */,
			);
			path = Model;
			sourceTree = "<group>";
		};
		3650EB9D26CD64E700BF48CA /* Managers */ = {
			isa = PBXGroup;
			children = (
				3650EB9F26CD786700BF48CA /* NetworkManager.swift */,
				3639293026D527CC00460F6F /* PersistenceManager.swift */,
			);
			path = Managers;
			sourceTree = "<group>";
		};
		3650EC3C26CD89FC00BF48CA /* Utilities */ = {
			isa = PBXGroup;
			children = (
				3650EC3D26CD8A0700BF48CA /* GFError.swift */,
				360F2E7D26CEAF4200F31D88 /* UIHelper.swift */,
				366331D626D00E6F0035B729 /* Constants.swift */,
			);
			path = Utilities;
			sourceTree = "<group>";
		};
		3650EC4426CD923300BF48CA /* Labels */ = {
			isa = PBXGroup;
			children = (
				367A77FB26D0040300026670 /* GFSecondaryTitleLabel.swift */,
				3650EB7826CD389400BF48CA /* GFBodyLabel.swift */,
				3650EB7426CD30CD00BF48CA /* GFTitleLabel.swift */,
			);
			path = Labels;
			sourceTree = "<group>";
		};
		3650EC4526CD923C00BF48CA /* Buttons */ = {
			isa = PBXGroup;
			children = (
				3644DD2D26CBE26F00F0B946 /* GFButton.swift */,
			);
			path = Buttons;
			sourceTree = "<group>";
		};
		3650EC4626CD924000BF48CA /* TextFields */ = {
			isa = PBXGroup;
			children = (
				3650FF4426CBE97E001CC7A9 /* GFTextField.swift */,
			);
			path = TextFields;
			sourceTree = "<group>";
		};
		3650EC4726CD924900BF48CA /* Cells */ = {
			isa = PBXGroup;
			children = (
				3650EC4826CD927600BF48CA /* FollowerCell.swift */,
				363929CD26D5386900460F6F /* FavoriteCell.swift */,
			);
			path = Cells;
			sourceTree = "<group>";
		};
		3650EC4C26CD92AD00BF48CA /* Protocols */ = {
			isa = PBXGroup;
			children = (
				3650EC4D26CD92BB00BF48CA /* ReuseIdentifiers.swift */,
			);
			path = Protocols;
			sourceTree = "<group>";
		};
		3650EC5026CD933200BF48CA /* ImageView */ = {
			isa = PBXGroup;
			children = (
				3650EC5126CD934C00BF48CA /* GFAvatarImageView.swift */,
			);
			path = ImageView;
			sourceTree = "<group>";
		};
		36D9A8E526D3EEE500A0D64E /* StackViews */ = {
			isa = PBXGroup;
			children = (
				36D9A8E226D3EED600A0D64E /* HStack.swift */,
			);
			path = StackViews;
			sourceTree = "<group>";
		};
		36D9A8F226D3F3D000A0D64E /* ItemInfoVCs */ = {
			isa = PBXGroup;
			children = (
				36D9A8DF26D3EC9A00A0D64E /* GFItemInfoVC.swift */,
				36D9A8EB26D3F1AC00A0D64E /* GFRepoItemVC.swift */,
				36D9A8EF26D3F37400A0D64E /* GFFollowerItemVC.swift */,
			);
			path = ItemInfoVCs;
			sourceTree = "<group>";
		};
/* End PBXGroup section */

/* Begin PBXNativeTarget section */
		3627F20A26CAE57900A3A3F9 /* GHFollowers */ = {
			isa = PBXNativeTarget;
			buildConfigurationList = 3627F21F26CAE57A00A3A3F9 /* Build configuration list for PBXNativeTarget "GHFollowers" */;
			buildPhases = (
				3627F20726CAE57900A3A3F9 /* Sources */,
				3627F20826CAE57900A3A3F9 /* Frameworks */,
				3627F20926CAE57900A3A3F9 /* Resources */,
			);
			buildRules = (
			);
			dependencies = (
			);
			name = GHFollowers;
			productName = GHFollowers;
			productReference = 3627F20B26CAE57900A3A3F9 /* GHFollowers.app */;
			productType = "com.apple.product-type.application";
		};
/* End PBXNativeTarget section */

/* Begin PBXProject section */
		3627F20326CAE57900A3A3F9 /* Project object */ = {
			isa = PBXProject;
			attributes = {
				LastSwiftUpdateCheck = 1240;
				LastUpgradeCheck = 1240;
				TargetAttributes = {
					3627F20A26CAE57900A3A3F9 = {
						CreatedOnToolsVersion = 12.4;
					};
				};
			};
			buildConfigurationList = 3627F20626CAE57900A3A3F9 /* Build configuration list for PBXProject "GHFollowers" */;
			compatibilityVersion = "Xcode 9.3";
			developmentRegion = en;
			hasScannedForEncodings = 0;
			knownRegions = (
				en,
				Base,
			);
			mainGroup = 3627F20226CAE57900A3A3F9;
			productRefGroup = 3627F20C26CAE57900A3A3F9 /* Products */;
			projectDirPath = "";
			projectRoot = "";
			targets = (
				3627F20A26CAE57900A3A3F9 /* GHFollowers */,
			);
		};
/* End PBXProject section */

/* Begin PBXResourcesBuildPhase section */
		3627F20926CAE57900A3A3F9 /* Resources */ = {
			isa = PBXResourcesBuildPhase;
			buildActionMask = 2147483647;
			files = (
				3627F21B26CAE57A00A3A3F9 /* LaunchScreen.storyboard in Resources */,
				3627F21826CAE57A00A3A3F9 /* Assets.xcassets in Resources */,
			);
			runOnlyForDeploymentPostprocessing = 0;
		};
/* End PBXResourcesBuildPhase section */

/* Begin PBXSourcesBuildPhase section */
		3627F20726CAE57900A3A3F9 /* Sources */ = {
			isa = PBXSourcesBuildPhase;
			buildActionMask = 2147483647;
			files = (
				3650FF4526CBE97E001CC7A9 /* GFTextField.swift in Sources */,
				3639293126D527CC00460F6F /* PersistenceManager.swift in Sources */,
				36155ADD26D6C6250046C6D4 /* GFDataLoadingVC.swift in Sources */,
				3650EC3E26CD8A0700BF48CA /* GFError.swift in Sources */,
				36D9A8DC26D3E11300A0D64E /* GFItemInfoView.swift in Sources */,
				3650EB9626CD5F5E00BF48CA /* Follower.swift in Sources */,
				3644DD2526CAFA2200F0B946 /* FavoritesListVC.swift in Sources */,
				3650EB7F26CD477B00BF48CA /* UIViewController+Ext.swift in Sources */,
				36D9A8F826D4171500A0D64E /* Date+Ext.swift in Sources */,
				3650EBA026CD786700BF48CA /* NetworkManager.swift in Sources */,
				3644DD2E26CBE26F00F0B946 /* GFButton.swift in Sources */,
				3644DD2226CAF9F700F0B946 /* SearchVC.swift in Sources */,
				3650EB7C26CD3A8900BF48CA /* GFAlertVC.swift in Sources */,
				367A77FC26D0040300026670 /* GFSecondaryTitleLabel.swift in Sources */,
				3627F20F26CAE57900A3A3F9 /* AppDelegate.swift in Sources */,
				367A77F926D0037100026670 /* GFUserInfoHeaderVC.swift in Sources */,
				3650EB9A26CD602E00BF48CA /* User.swift in Sources */,
				361559A026D694180046C6D4 /* GFAlertContainerView.swift in Sources */,
				3650EC4926CD927600BF48CA /* FollowerCell.swift in Sources */,
				3650EB7526CD30CD00BF48CA /* GFTitleLabel.swift in Sources */,
				36D9A8F026D3F37400A0D64E /* GFFollowerItemVC.swift in Sources */,
				3650EB8926CD4C9000BF48CA /* UIView+Ext.swift in Sources */,
				3650EC4E26CD92BB00BF48CA /* ReuseIdentifiers.swift in Sources */,
				360F2E8126CECE6900F31D88 /* DataLoadingVC.swift in Sources */,
				36E6219A26CC00C300C2DA60 /* FollowerListVC.swift in Sources */,
				3650EC5226CD934C00BF48CA /* GFAvatarImageView.swift in Sources */,
				3627F21126CAE57900A3A3F9 /* SceneDelegate.swift in Sources */,
				363929D326D57A2D00460F6F /* GFTabBarController.swift in Sources */,
				360F2E8526CEDFC900F31D88 /* GFEmptyStateView.swift in Sources */,
				3650EB7926CD389400BF48CA /* GFBodyLabel.swift in Sources */,
				3650EB8C26CD4CA900BF48CA /* NSLayoutConstraint+Ext.swift in Sources */,
				360F2E7E26CEAF4200F31D88 /* UIHelper.swift in Sources */,
				36D9A8EC26D3F1AC00A0D64E /* GFRepoItemVC.swift in Sources */,
				367A77F126CFE6D900026670 /* UserInfoVC.swift in Sources */,
				36D9A8E326D3EED600A0D64E /* HStack.swift in Sources */,
				363929CE26D5386900460F6F /* FavoriteCell.swift in Sources */,
				36D9A8E026D3EC9A00A0D64E /* GFItemInfoVC.swift in Sources */,
				366331D726D00E6F0035B729 /* Constants.swift in Sources */,
			);
			runOnlyForDeploymentPostprocessing = 0;
		};
/* End PBXSourcesBuildPhase section */

/* Begin PBXVariantGroup section */
		3627F21926CAE57A00A3A3F9 /* LaunchScreen.storyboard */ = {
			isa = PBXVariantGroup;
			children = (
				3627F21A26CAE57A00A3A3F9 /* Base */,
			);
			name = LaunchScreen.storyboard;
			sourceTree = "<group>";
		};
/* End PBXVariantGroup section */

/* Begin XCBuildConfiguration section */
		3627F21D26CAE57A00A3A3F9 /* Debug */ = {
			isa = XCBuildConfiguration;
			buildSettings = {
				ALWAYS_SEARCH_USER_PATHS = NO;
				CLANG_ANALYZER_NONNULL = YES;
				CLANG_ANALYZER_NUMBER_OBJECT_CONVERSION = YES_AGGRESSIVE;
				CLANG_CXX_LANGUAGE_STANDARD = "gnu++14";
				CLANG_CXX_LIBRARY = "libc++";
				CLANG_ENABLE_MODULES = YES;
				CLANG_ENABLE_OBJC_ARC = YES;
				CLANG_ENABLE_OBJC_WEAK = YES;
				CLANG_WARN_BLOCK_CAPTURE_AUTORELEASING = YES;
				CLANG_WARN_BOOL_CONVERSION = YES;
				CLANG_WARN_COMMA = YES;
				CLANG_WARN_CONSTANT_CONVERSION = YES;
				CLANG_WARN_DEPRECATED_OBJC_IMPLEMENTATIONS = YES;
				CLANG_WARN_DIRECT_OBJC_ISA_USAGE = YES_ERROR;
				CLANG_WARN_DOCUMENTATION_COMMENTS = YES;
				CLANG_WARN_EMPTY_BODY = YES;
				CLANG_WARN_ENUM_CONVERSION = YES;
				CLANG_WARN_INFINITE_RECURSION = YES;
				CLANG_WARN_INT_CONVERSION = YES;
				CLANG_WARN_NON_LITERAL_NULL_CONVERSION = YES;
				CLANG_WARN_OBJC_IMPLICIT_RETAIN_SELF = YES;
				CLANG_WARN_OBJC_LITERAL_CONVERSION = YES;
				CLANG_WARN_OBJC_ROOT_CLASS = YES_ERROR;
				CLANG_WARN_QUOTED_INCLUDE_IN_FRAMEWORK_HEADER = YES;
				CLANG_WARN_RANGE_LOOP_ANALYSIS = YES;
				CLANG_WARN_STRICT_PROTOTYPES = YES;
				CLANG_WARN_SUSPICIOUS_MOVE = YES;
				CLANG_WARN_UNGUARDED_AVAILABILITY = YES_AGGRESSIVE;
				CLANG_WARN_UNREACHABLE_CODE = YES;
				CLANG_WARN__DUPLICATE_METHOD_MATCH = YES;
				COPY_PHASE_STRIP = NO;
				DEBUG_INFORMATION_FORMAT = dwarf;
				ENABLE_STRICT_OBJC_MSGSEND = YES;
				ENABLE_TESTABILITY = YES;
				GCC_C_LANGUAGE_STANDARD = gnu11;
				GCC_DYNAMIC_NO_PIC = NO;
				GCC_NO_COMMON_BLOCKS = YES;
				GCC_OPTIMIZATION_LEVEL = 0;
				GCC_PREPROCESSOR_DEFINITIONS = (
					"DEBUG=1",
					"$(inherited)",
				);
				GCC_WARN_64_TO_32_BIT_CONVERSION = YES;
				GCC_WARN_ABOUT_RETURN_TYPE = YES_ERROR;
				GCC_WARN_UNDECLARED_SELECTOR = YES;
				GCC_WARN_UNINITIALIZED_AUTOS = YES_AGGRESSIVE;
				GCC_WARN_UNUSED_FUNCTION = YES;
				GCC_WARN_UNUSED_VARIABLE = YES;
				IPHONEOS_DEPLOYMENT_TARGET = 14.4;
				MTL_ENABLE_DEBUG_INFO = INCLUDE_SOURCE;
				MTL_FAST_MATH = YES;
				ONLY_ACTIVE_ARCH = YES;
				SDKROOT = iphoneos;
				SWIFT_ACTIVE_COMPILATION_CONDITIONS = DEBUG;
				SWIFT_OPTIMIZATION_LEVEL = "-Onone";
			};
			name = Debug;
		};
		3627F21E26CAE57A00A3A3F9 /* Release */ = {
			isa = XCBuildConfiguration;
			buildSettings = {
				ALWAYS_SEARCH_USER_PATHS = NO;
				CLANG_ANALYZER_NONNULL = YES;
				CLANG_ANALYZER_NUMBER_OBJECT_CONVERSION = YES_AGGRESSIVE;
				CLANG_CXX_LANGUAGE_STANDARD = "gnu++14";
				CLANG_CXX_LIBRARY = "libc++";
				CLANG_ENABLE_MODULES = YES;
				CLANG_ENABLE_OBJC_ARC = YES;
				CLANG_ENABLE_OBJC_WEAK = YES;
				CLANG_WARN_BLOCK_CAPTURE_AUTORELEASING = YES;
				CLANG_WARN_BOOL_CONVERSION = YES;
				CLANG_WARN_COMMA = YES;
				CLANG_WARN_CONSTANT_CONVERSION = YES;
				CLANG_WARN_DEPRECATED_OBJC_IMPLEMENTATIONS = YES;
				CLANG_WARN_DIRECT_OBJC_ISA_USAGE = YES_ERROR;
				CLANG_WARN_DOCUMENTATION_COMMENTS = YES;
				CLANG_WARN_EMPTY_BODY = YES;
				CLANG_WARN_ENUM_CONVERSION = YES;
				CLANG_WARN_INFINITE_RECURSION = YES;
				CLANG_WARN_INT_CONVERSION = YES;
				CLANG_WARN_NON_LITERAL_NULL_CONVERSION = YES;
				CLANG_WARN_OBJC_IMPLICIT_RETAIN_SELF = YES;
				CLANG_WARN_OBJC_LITERAL_CONVERSION = YES;
				CLANG_WARN_OBJC_ROOT_CLASS = YES_ERROR;
				CLANG_WARN_QUOTED_INCLUDE_IN_FRAMEWORK_HEADER = YES;
				CLANG_WARN_RANGE_LOOP_ANALYSIS = YES;
				CLANG_WARN_STRICT_PROTOTYPES = YES;
				CLANG_WARN_SUSPICIOUS_MOVE = YES;
				CLANG_WARN_UNGUARDED_AVAILABILITY = YES_AGGRESSIVE;
				CLANG_WARN_UNREACHABLE_CODE = YES;
				CLANG_WARN__DUPLICATE_METHOD_MATCH = YES;
				COPY_PHASE_STRIP = NO;
				DEBUG_INFORMATION_FORMAT = "dwarf-with-dsym";
				ENABLE_NS_ASSERTIONS = NO;
				ENABLE_STRICT_OBJC_MSGSEND = YES;
				GCC_C_LANGUAGE_STANDARD = gnu11;
				GCC_NO_COMMON_BLOCKS = YES;
				GCC_WARN_64_TO_32_BIT_CONVERSION = YES;
				GCC_WARN_ABOUT_RETURN_TYPE = YES_ERROR;
				GCC_WARN_UNDECLARED_SELECTOR = YES;
				GCC_WARN_UNINITIALIZED_AUTOS = YES_AGGRESSIVE;
				GCC_WARN_UNUSED_FUNCTION = YES;
				GCC_WARN_UNUSED_VARIABLE = YES;
				IPHONEOS_DEPLOYMENT_TARGET = 14.4;
				MTL_ENABLE_DEBUG_INFO = NO;
				MTL_FAST_MATH = YES;
				SDKROOT = iphoneos;
				SWIFT_COMPILATION_MODE = wholemodule;
				SWIFT_OPTIMIZATION_LEVEL = "-O";
				VALIDATE_PRODUCT = YES;
			};
			name = Release;
		};
		3627F22026CAE57A00A3A3F9 /* Debug */ = {
			isa = XCBuildConfiguration;
			buildSettings = {
				ASSETCATALOG_COMPILER_APPICON_NAME = AppIcon;
				ASSETCATALOG_COMPILER_GLOBAL_ACCENT_COLOR_NAME = AccentColor;
				CODE_SIGN_STYLE = Automatic;
				DEVELOPMENT_TEAM = U82U639K29;
				INFOPLIST_FILE = GHFollowers/Info.plist;
				LD_RUNPATH_SEARCH_PATHS = (
					"$(inherited)",
					"@executable_path/Frameworks",
				);
				PRODUCT_BUNDLE_IDENTIFIER = com.bellmedia.GHFollowers;
				PRODUCT_NAME = "$(TARGET_NAME)";
				SWIFT_VERSION = 5.0;
				TARGETED_DEVICE_FAMILY = 1;
			};
			name = Debug;
		};
		3627F22126CAE57A00A3A3F9 /* Release */ = {
			isa = XCBuildConfiguration;
			buildSettings = {
				ASSETCATALOG_COMPILER_APPICON_NAME = AppIcon;
				ASSETCATALOG_COMPILER_GLOBAL_ACCENT_COLOR_NAME = AccentColor;
				CODE_SIGN_STYLE = Automatic;
				DEVELOPMENT_TEAM = U82U639K29;
				INFOPLIST_FILE = GHFollowers/Info.plist;
				LD_RUNPATH_SEARCH_PATHS = (
					"$(inherited)",
					"@executable_path/Frameworks",
				);
				PRODUCT_BUNDLE_IDENTIFIER = com.bellmedia.GHFollowers;
				PRODUCT_NAME = "$(TARGET_NAME)";
				SWIFT_VERSION = 5.0;
				TARGETED_DEVICE_FAMILY = 1;
			};
			name = Release;
		};
/* End XCBuildConfiguration section */

/* Begin XCConfigurationList section */
		3627F20626CAE57900A3A3F9 /* Build configuration list for PBXProject "GHFollowers" */ = {
			isa = XCConfigurationList;
			buildConfigurations = (
				3627F21D26CAE57A00A3A3F9 /* Debug */,
				3627F21E26CAE57A00A3A3F9 /* Release */,
			);
			defaultConfigurationIsVisible = 0;
			defaultConfigurationName = Release;
		};
		3627F21F26CAE57A00A3A3F9 /* Build configuration list for PBXNativeTarget "GHFollowers" */ = {
			isa = XCConfigurationList;
			buildConfigurations = (
				3627F22026CAE57A00A3A3F9 /* Debug */,
				3627F22126CAE57A00A3A3F9 /* Release */,
			);
			defaultConfigurationIsVisible = 0;
			defaultConfigurationName = Release;
		};
/* End XCConfigurationList section */
	};
	rootObject = 3627F20326CAE57900A3A3F9 /* Project object */;
}
